
Microsoft Visual Studio Solution File, Format Version 12.00
# Visual Studio Version 16
VisualStudioVersion = 16.0.31729.503
MinimumVisualStudioVersion = 10.0.40219.1
Project("{FAE04EC0-301F-11D3-BF4B-00C04F79EFBC}") = "Marginean_Catalin_Lab2", "Marginean_Catalin_Lab2\Marginean_Catalin_Lab2.csproj", "{602C2FB0-8E47-4086-B470-C77217FBC347}"
EndProject
Global
	GlobalSection(SolutionConfigurationPlatforms) = preSolution
		Debug|Any CPU = Debug|Any CPU
		Release|Any CPU = Release|Any CPU
	EndGlobalSection
	GlobalSection(ProjectConfigurationPlatforms) = postSolution
		{602C2FB0-8E47-4086-B470-C77217FBC347}.Debug|Any CPU.ActiveCfg = Debug|Any CPU
		{602C2FB0-8E47-4086-B470-C77217FBC347}.Debug|Any CPU.Build.0 = Debug|Any CPU
		{602C2FB0-8E47-4086-B470-C77217FBC347}.Release|Any CPU.ActiveCfg = Release|Any CPU
		{602C2FB0-8E47-4086-B470-C77217FBC347}.Release|Any CPU.Build.0 = Release|Any CPU
	EndGlobalSection
	GlobalSection(SolutionProperties) = preSolution
		HideSolutionNode = FALSE
	EndGlobalSection
	GlobalSection(ExtensibilityGlobals) = postSolution
		SolutionGuid = {7834F253-365A-45CB-A915-6669814FED38}
	EndGlobalSection
EndGlobal
